{
  "pins" : [
    {
      "identity" : "vkid-captcha-ios-sdk",
      "kind" : "remoteSourceControl",
      "location" : "https://github.com/gsabanti/vkid-captcha-ios-sdk",
      "state" : {
        "revision" : "9dffd3494dce467cb7a2b3c01c2529be65d50e23",
        "version" : "0.1.5"
      }
    }
  ],
  "version" : 2
}
